
Microsoft Visual Studio Solution File, Format Version 12.00
# Visual Studio Version 16
VisualStudioVersion = 16.0.28803.202
MinimumVisualStudioVersion = 10.0.40219.1
Project("{2150E333-8FDC-42A3-9474-1A3956D46DE8}") = "Solution Items", "Solution Items", "{838C4150-AC27-460E-A86A-EC70769C4FF8}"
	ProjectSection(SolutionItems) = preProject
		.gitignore = .gitignore
		.travis.yml = .travis.yml
		changelog.md = changelog.md
		license_apache.txt = license_apache.txt
		license_mit.txt = license_mit.txt
		paket.dependencies = paket.dependencies
		readme.md = readme.md
	EndProjectSection
EndProject
Project("{9A19103F-16F7-4668-BE54-9A1E7A4F7556}") = "FileOpeningBuilder", "FileOpeningBuilder\FileOpeningBuilder.csproj", "{0930C9CF-CDF5-43A8-A8E0-D1A0E534CEAC}"
EndProject
Project("{9A19103F-16F7-4668-BE54-9A1E7A4F7556}") = "FileOpeningBuilder.Test", "FileOpeningBuilder.Test\FileOpeningBuilder.Test.csproj", "{A740562C-60D4-41DB-89A6-9BA6D60A5E13}"
EndProject
Global
	GlobalSection(SolutionConfigurationPlatforms) = preSolution
		Debug|Any CPU = Debug|Any CPU
		Release|Any CPU = Release|Any CPU
	EndGlobalSection
	GlobalSection(ProjectConfigurationPlatforms) = postSolution
		{0930C9CF-CDF5-43A8-A8E0-D1A0E534CEAC}.Debug|Any CPU.ActiveCfg = Debug|Any CPU
		{0930C9CF-CDF5-43A8-A8E0-D1A0E534CEAC}.Debug|Any CPU.Build.0 = Debug|Any CPU
		{0930C9CF-CDF5-43A8-A8E0-D1A0E534CEAC}.Release|Any CPU.ActiveCfg = Release|Any CPU
		{0930C9CF-CDF5-43A8-A8E0-D1A0E534CEAC}.Release|Any CPU.Build.0 = Release|Any CPU
		{A740562C-60D4-41DB-89A6-9BA6D60A5E13}.Debug|Any CPU.ActiveCfg = Debug|Any CPU
		{A740562C-60D4-41DB-89A6-9BA6D60A5E13}.Debug|Any CPU.Build.0 = Debug|Any CPU
		{A740562C-60D4-41DB-89A6-9BA6D60A5E13}.Release|Any CPU.ActiveCfg = Release|Any CPU
		{A740562C-60D4-41DB-89A6-9BA6D60A5E13}.Release|Any CPU.Build.0 = Release|Any CPU
	EndGlobalSection
	GlobalSection(SolutionProperties) = preSolution
		HideSolutionNode = FALSE
	EndGlobalSection
	GlobalSection(ExtensibilityGlobals) = postSolution
		SolutionGuid = {0BFFB75C-27E5-4322-88DE-22CE675D564F}
	EndGlobalSection
EndGlobal
